
Microsoft Visual Studio Solution File, Format Version 12.00
# Visual Studio Version 16
VisualStudioVersion = 16.0.30204.135
MinimumVisualStudioVersion = 10.0.40219.1
Project("{9A19103F-16F7-4668-BE54-9A1E7A4F7556}") = "EgrasWebAPI.API", "Egras.WebAPI.API\EgrasWebAPI.API.csproj", "{9976DDF4-8F40-49BC-A8BE-17953F11E7E7}"
EndProject
Project("{9A19103F-16F7-4668-BE54-9A1E7A4F7556}") = "Egras.Business", "Egras.Business\Egras.Business.csproj", "{9CD907C2-B245-435B-9346-848A4FA768BA}"
EndProject
Project("{9A19103F-16F7-4668-BE54-9A1E7A4F7556}") = "Egras.Business.Interfaces", "Egras.Business.Interfaces\Egras.Business.Interfaces.csproj", "{80AA7D5D-DBD9-4C61-BBCB-6BE431BDE15F}"
EndProject
Project("{9A19103F-16F7-4668-BE54-9A1E7A4F7556}") = "Egras.Repository", "Egras.Repository\Egras.Repository.csproj", "{80D0BF29-C0A3-4C52-A7D6-3A02F6B0D94A}"
EndProject
Project("{9A19103F-16F7-4668-BE54-9A1E7A4F7556}") = "Egras.Repository.Interfaces", "Egras.Repository.Interfaces\Egras.Repository.Interfaces.csproj", "{03282D1E-91A6-4378-9CDD-DC934F459A11}"
EndProject
Project("{9A19103F-16F7-4668-BE54-9A1E7A4F7556}") = "Egras.Entities", "Egras.Entities\Egras.Entities.csproj", "{8D0ADB26-E507-4212-BC6F-214E5E728DE8}"
EndProject
Project("{9A19103F-16F7-4668-BE54-9A1E7A4F7556}") = "Egras.LoggerService", "Egras.LoggerService\Egras.LoggerService.csproj", "{6CBD2F39-64E7-44EF-BBBF-43DD9D582E84}"
EndProject
Project("{FAE04EC0-301F-11D3-BF4B-00C04F79EFBC}") = "Egras.SmsServices", "Egras.SmsServices\Egras.SmsServices.csproj", "{A64E5BC4-FB61-464C-84A8-B75FCC41C1EE}"
EndProject
Global
	GlobalSection(SolutionConfigurationPlatforms) = preSolution
		Debug|Any CPU = Debug|Any CPU
		Release|Any CPU = Release|Any CPU
	EndGlobalSection
	GlobalSection(ProjectConfigurationPlatforms) = postSolution
		{9976DDF4-8F40-49BC-A8BE-17953F11E7E7}.Debug|Any CPU.ActiveCfg = Debug|Any CPU
		{9976DDF4-8F40-49BC-A8BE-17953F11E7E7}.Debug|Any CPU.Build.0 = Debug|Any CPU
		{9976DDF4-8F40-49BC-A8BE-17953F11E7E7}.Release|Any CPU.ActiveCfg = Release|Any CPU
		{9976DDF4-8F40-49BC-A8BE-17953F11E7E7}.Release|Any CPU.Build.0 = Release|Any CPU
		{9CD907C2-B245-435B-9346-848A4FA768BA}.Debug|Any CPU.ActiveCfg = Debug|Any CPU
		{9CD907C2-B245-435B-9346-848A4FA768BA}.Debug|Any CPU.Build.0 = Debug|Any CPU
		{9CD907C2-B245-435B-9346-848A4FA768BA}.Release|Any CPU.ActiveCfg = Release|Any CPU
		{9CD907C2-B245-435B-9346-848A4FA768BA}.Release|Any CPU.Build.0 = Release|Any CPU
		{80AA7D5D-DBD9-4C61-BBCB-6BE431BDE15F}.Debug|Any CPU.ActiveCfg = Debug|Any CPU
		{80AA7D5D-DBD9-4C61-BBCB-6BE431BDE15F}.Debug|Any CPU.Build.0 = Debug|Any CPU
		{80AA7D5D-DBD9-4C61-BBCB-6BE431BDE15F}.Release|Any CPU.ActiveCfg = Release|Any CPU
		{80AA7D5D-DBD9-4C61-BBCB-6BE431BDE15F}.Release|Any CPU.Build.0 = Release|Any CPU
		{80D0BF29-C0A3-4C52-A7D6-3A02F6B0D94A}.Debug|Any CPU.ActiveCfg = Debug|Any CPU
		{80D0BF29-C0A3-4C52-A7D6-3A02F6B0D94A}.Debug|Any CPU.Build.0 = Debug|Any CPU
		{80D0BF29-C0A3-4C52-A7D6-3A02F6B0D94A}.Release|Any CPU.ActiveCfg = Release|Any CPU
		{80D0BF29-C0A3-4C52-A7D6-3A02F6B0D94A}.Release|Any CPU.Build.0 = Release|Any CPU
		{03282D1E-91A6-4378-9CDD-DC934F459A11}.Debug|Any CPU.ActiveCfg = Debug|Any CPU
		{03282D1E-91A6-4378-9CDD-DC934F459A11}.Debug|Any CPU.Build.0 = Debug|Any CPU
		{03282D1E-91A6-4378-9CDD-DC934F459A11}.Release|Any CPU.ActiveCfg = Release|Any CPU
		{03282D1E-91A6-4378-9CDD-DC934F459A11}.Release|Any CPU.Build.0 = Release|Any CPU
		{8D0ADB26-E507-4212-BC6F-214E5E728DE8}.Debug|Any CPU.ActiveCfg = Debug|Any CPU
		{8D0ADB26-E507-4212-BC6F-214E5E728DE8}.Debug|Any CPU.Build.0 = Debug|Any CPU
		{8D0ADB26-E507-4212-BC6F-214E5E728DE8}.Release|Any CPU.ActiveCfg = Release|Any CPU
		{8D0ADB26-E507-4212-BC6F-214E5E728DE8}.Release|Any CPU.Build.0 = Release|Any CPU
		{6CBD2F39-64E7-44EF-BBBF-43DD9D582E84}.Debug|Any CPU.ActiveCfg = Debug|Any CPU
		{6CBD2F39-64E7-44EF-BBBF-43DD9D582E84}.Debug|Any CPU.Build.0 = Debug|Any CPU
		{6CBD2F39-64E7-44EF-BBBF-43DD9D582E84}.Release|Any CPU.ActiveCfg = Release|Any CPU
		{6CBD2F39-64E7-44EF-BBBF-43DD9D582E84}.Release|Any CPU.Build.0 = Release|Any CPU
		{A64E5BC4-FB61-464C-84A8-B75FCC41C1EE}.Debug|Any CPU.ActiveCfg = Debug|Any CPU
		{A64E5BC4-FB61-464C-84A8-B75FCC41C1EE}.Debug|Any CPU.Build.0 = Debug|Any CPU
		{A64E5BC4-FB61-464C-84A8-B75FCC41C1EE}.Release|Any CPU.ActiveCfg = Release|Any CPU
		{A64E5BC4-FB61-464C-84A8-B75FCC41C1EE}.Release|Any CPU.Build.0 = Release|Any CPU
	EndGlobalSection
	GlobalSection(SolutionProperties) = preSolution
		HideSolutionNode = FALSE
	EndGlobalSection
	GlobalSection(ExtensibilityGlobals) = postSolution
		SolutionGuid = {421E0AA8-30AE-4499-9D47-1782E83EAC40}
	EndGlobalSection
EndGlobal
